%{"cowboy": {:hex, :cowboy, "1.0.4"},
  "cowlib": {:hex, :cowlib, "1.0.2"},
  "maru": {:hex, :maru, "0.9.5"},
  "mysql": {:git, "https://github.com/mysql-otp/mysql-otp.git", "8364cc362f0a22cdde3f16adbdd329ff3d5033b7", []},
  "mysqlex": {:git, "https://github.com/tjheeta/mysqlex.git", "d3cffe8f2be9aef79d90700495795624e34edc21", []},
  "plug": {:hex, :plug, "1.1.2"},
  "poison": {:hex, :poison, "2.1.0"},
  "ranch": {:hex, :ranch, "1.2.1"}}
